
Microsoft Visual Studio Solution File, Format Version 12.00
# Visual Studio Version 17
VisualStudioVersion = 17.1.32228.430
MinimumVisualStudioVersion = 10.0.40219.1
Project("{FAE04EC0-301F-11D3-BF4B-00C04F79EFBC}") = "Week_10_API", "Week_10_API\Week_10_API.csproj", "{F9C0B0EE-8A8B-4A23-B29E-6B7E690A4A90}"
EndProject
Global
	GlobalSection(SolutionConfigurationPlatforms) = preSolution
		Debug|Any CPU = Debug|Any CPU
		Release|Any CPU = Release|Any CPU
	EndGlobalSection
	GlobalSection(ProjectConfigurationPlatforms) = postSolution
		{F9C0B0EE-8A8B-4A23-B29E-6B7E690A4A90}.Debug|Any CPU.ActiveCfg = Debug|Any CPU
		{F9C0B0EE-8A8B-4A23-B29E-6B7E690A4A90}.Debug|Any CPU.Build.0 = Debug|Any CPU
		{F9C0B0EE-8A8B-4A23-B29E-6B7E690A4A90}.Release|Any CPU.ActiveCfg = Release|Any CPU
		{F9C0B0EE-8A8B-4A23-B29E-6B7E690A4A90}.Release|Any CPU.Build.0 = Release|Any CPU
	EndGlobalSection
	GlobalSection(SolutionProperties) = preSolution
		HideSolutionNode = FALSE
	EndGlobalSection
	GlobalSection(ExtensibilityGlobals) = postSolution
		SolutionGuid = {593AC7AB-1FA5-48DD-89C1-A25751C3C78E}
	EndGlobalSection
EndGlobal
